<?xml version="1.0" encoding="utf-8"?>
<Project ToolsVersion="4.0" xmlns="http://schemas.microsoft.com/developer/msbuild/2003">
  <ItemGroup>
    <Filter Include="Source Files">
      <UniqueIdentifier>{4FC737F1-C7A5-4376-A066-2A32D752A2FF}</UniqueIdentifier>
      <Extensions>cpp;c;cc;cxx;def;odl;idl;hpj;bat;asm;asmx</Extensions>
    </Filter>
    <Filter Include="Header Files">
      <UniqueIdentifier>{93995380-89BD-4b04-88EB-625FBE52EBFB}</UniqueIdentifier>
      <Extensions>h;hpp;hxx;hm;inl;inc;xsd</Extensions>
    </Filter>
    <Filter Include="Resource Files">
      <UniqueIdentifier>{67DA6AB6-F800-4c08-8B7A-83BB121AAD01}</UniqueIdentifier>
      <Extensions>rc;ico;cur;bmp;dlg;rc2;rct;bin;rgs;gif;jpg;jpeg;jpe;resx;tiff;tif;png;wav</Extensions>
    </Filter>
    <Filter Include="Source Files\Simulator">
      <UniqueIdentifier>{d999f887-ae4c-4359-aae4-d45a86119c2f}</UniqueIdentifier>
    </Filter>
    <Filter Include="Header Files\Utils">
      <UniqueIdentifier>{9d8611be-3da8-486e-8ee2-01549bd3ad24}</UniqueIdentifier>
    </Filter>
    <Filter Include="Header Files\Utils\Xml">
      <UniqueIdentifier>{05dec5c4-8eeb-4461-a246-b73e2f6747a8}</UniqueIdentifier>
    </Filter>
    <Filter Include="Header Files\Simulator">
      <UniqueIdentifier>{6f3f00e8-3489-494b-b128-21e10efa43b1}</UniqueIdentifier>
    </Filter>
  </ItemGroup>
  <ItemGroup>
    <ClCompile Include="main.cpp">
      <Filter>Source Files</Filter>
    </ClCompile>
    <ClCompile Include="SimulatorController.c">
      <Filter>Source Files\Simulator</Filter>
    </ClCompile>
    <ClCompile Include="UDPConnection.c">
      <Filter>Source Files\Simulator</Filter>
    </ClCompile>
    <ClCompile Include="Machine.cpp">
      <Filter>Source Files</Filter>
    </ClCompile>
    <ClCompile Include="ApplicationMachine.cpp">
      <Filter>Source Files</Filter>
    </ClCompile>
    <ClCompile Include="Segment.cpp">
      <Filter>Source Files</Filter>
    </ClCompile>
    <ClCompile Include="Point.cpp">
      <Filter>Source Files</Filter>
    </ClCompile>
  </ItemGroup>
  <ItemGroup>
    <ClInclude Include="SimulatorController.h">
      <Filter>Header Files\Simulator</Filter>
    </ClInclude>
    <ClInclude Include="UDPConnection.h">
      <Filter>Header Files\Simulator</Filter>
    </ClInclude>
    <ClInclude Include="Chronometer.h">
      <Filter>Header Files\Utils</Filter>
    </ClInclude>
    <ClInclude Include="Utilities.h">
      <Filter>Header Files\Utils</Filter>
    </ClInclude>
    <ClInclude Include="Xml.h">
      <Filter>Header Files\Utils\Xml</Filter>
    </ClInclude>
    <ClInclude Include="XmlFile.h">
      <Filter>Header Files\Utils\Xml</Filter>
    </ClInclude>
    <ClInclude Include="Machine.h">
      <Filter>Header Files</Filter>
    </ClInclude>
    <ClInclude Include="ApplicationMachine.h">
      <Filter>Header Files</Filter>
    </ClInclude>
    <ClInclude Include="Point.h">
      <Filter>Header Files</Filter>
    </ClInclude>
    <ClInclude Include="Segment.h">
      <Filter>Header Files</Filter>
    </ClInclude>
  </ItemGroup>
</Project>